
Microsoft Visual Studio Solution File, Format Version 12.00
# Visual Studio Version 17
VisualStudioVersion = 17.13.35919.96 d17.13
MinimumVisualStudioVersion = 10.0.40219.1
Project("{FAE04EC0-301F-11D3-BF4B-00C04F79EFBC}") = "OneLauncher", "OneLauncher\OneLauncher.csproj", "{95843878-DD31-0DFA-AFAD-AA8B92F31A61}"
EndProject
Project("{FAE04EC0-301F-11D3-BF4B-00C04F79EFBC}") = "OneLauncher.Desktop", "OneLauncher.Desktop\OneLauncher.Desktop.csproj", "{217C0837-486E-AC14-3589-CC799F7070C1}"
EndProject
Project("{FAE04EC0-301F-11D3-BF4B-00C04F79EFBC}") = "OneLauncher.Core", "OneLauncher.Core\OneLauncher.Core.csproj", "{7844EC8C-5320-4E0B-84FA-BC6F89A4AD9B}"
EndProject
Global
	GlobalSection(SolutionConfigurationPlatforms) = preSolution
		Debug|Any CPU = Debug|Any CPU
		Release|Any CPU = Release|Any CPU
	EndGlobalSection
	GlobalSection(ProjectConfigurationPlatforms) = postSolution
		{95843878-DD31-0DFA-AFAD-AA8B92F31A61}.Debug|Any CPU.ActiveCfg = Debug|Any CPU
		{95843878-DD31-0DFA-AFAD-AA8B92F31A61}.Debug|Any CPU.Build.0 = Debug|Any CPU
		{95843878-DD31-0DFA-AFAD-AA8B92F31A61}.Release|Any CPU.ActiveCfg = Release|Any CPU
		{95843878-DD31-0DFA-AFAD-AA8B92F31A61}.Release|Any CPU.Build.0 = Release|Any CPU
		{217C0837-486E-AC14-3589-CC799F7070C1}.Debug|Any CPU.ActiveCfg = Debug|Any CPU
		{217C0837-486E-AC14-3589-CC799F7070C1}.Debug|Any CPU.Build.0 = Debug|Any CPU
		{217C0837-486E-AC14-3589-CC799F7070C1}.Release|Any CPU.ActiveCfg = Release|Any CPU
		{217C0837-486E-AC14-3589-CC799F7070C1}.Release|Any CPU.Build.0 = Release|Any CPU
		{7844EC8C-5320-4E0B-84FA-BC6F89A4AD9B}.Debug|Any CPU.ActiveCfg = Debug|Any CPU
		{7844EC8C-5320-4E0B-84FA-BC6F89A4AD9B}.Debug|Any CPU.Build.0 = Debug|Any CPU
		{7844EC8C-5320-4E0B-84FA-BC6F89A4AD9B}.Release|Any CPU.ActiveCfg = Release|Any CPU
		{7844EC8C-5320-4E0B-84FA-BC6F89A4AD9B}.Release|Any CPU.Build.0 = Release|Any CPU
	EndGlobalSection
	GlobalSection(SolutionProperties) = preSolution
		HideSolutionNode = FALSE
	EndGlobalSection
	GlobalSection(ExtensibilityGlobals) = postSolution
		SolutionGuid = {84522990-1C5A-4180-9BDD-BDF56ACC2605}
	EndGlobalSection
EndGlobal
